// !$*UTF8*$!
{
	archiveVersion = 1;
	classes = {
	};
	objectVersion = 55;
	objects = {

/* Begin PBXBuildFile section */
		400FF6F227FCD5A80094F64A /* MCUApp.swift in Sources */ = {isa = PBXBuildFile; fileRef = 400FF6F127FCD5A80094F64A /* MCUApp.swift */; };
		400FF6F427FCD5A80094F64A /* ContentView.swift in Sources */ = {isa = PBXBuildFile; fileRef = 400FF6F327FCD5A80094F64A /* ContentView.swift */; };
		400FF6F627FCD5AA0094F64A /* Assets.xcassets in Resources */ = {isa = PBXBuildFile; fileRef = 400FF6F527FCD5AA0094F64A /* Assets.xcassets */; };
		400FF6F927FCD5AA0094F64A /* Preview Assets.xcassets in Resources */ = {isa = PBXBuildFile; fileRef = 400FF6F827FCD5AA0094F64A /* Preview Assets.xcassets */; };
		400FF70127FCD5E80094F64A /* Constants.swift in Sources */ = {isa = PBXBuildFile; fileRef = 400FF70027FCD5E80094F64A /* Constants.swift */; };
		400FF70427FCD66B0094F64A /* MCUCharacter.swift in Sources */ = {isa = PBXBuildFile; fileRef = 400FF70327FCD66B0094F64A /* MCUCharacter.swift */; };
		400FF70727FCD7310094F64A /* WebService.swift in Sources */ = {isa = PBXBuildFile; fileRef = 400FF70627FCD7310094F64A /* WebService.swift */; };
		400FF70A27FCD8510094F64A /* CharacterListViewModel.swift in Sources */ = {isa = PBXBuildFile; fileRef = 400FF70927FCD8510094F64A /* CharacterListViewModel.swift */; };
		400FF70D27FF6FE90094F64A /* CharacterCell.swift in Sources */ = {isa = PBXBuildFile; fileRef = 400FF70C27FF6FE90094F64A /* CharacterCell.swift */; };
		400FF70F27FF73470094F64A /* CharacterDetailView.swift in Sources */ = {isa = PBXBuildFile; fileRef = 400FF70E27FF73470094F64A /* CharacterDetailView.swift */; };
/* End PBXBuildFile section */

/* Begin PBXFileReference section */
		400FF6EE27FCD5A80094F64A /* MCU.app */ = {isa = PBXFileReference; explicitFileType = wrapper.application; includeInIndex = 0; path = MCU.app; sourceTree = BUILT_PRODUCTS_DIR; };
		400FF6F127FCD5A80094F64A /* MCUApp.swift */ = {isa = PBXFileReference; lastKnownFileType = sourcecode.swift; path = MCUApp.swift; sourceTree = "<group>"; };
		400FF6F327FCD5A80094F64A /* ContentView.swift */ = {isa = PBXFileReference; lastKnownFileType = sourcecode.swift; path = ContentView.swift; sourceTree = "<group>"; };
		400FF6F527FCD5AA0094F64A /* Assets.xcassets */ = {isa = PBXFileReference; lastKnownFileType = folder.assetcatalog; path = Assets.xcassets; sourceTree = "<group>"; };
		400FF6F827FCD5AA0094F64A /* Preview Assets.xcassets */ = {isa = PBXFileReference; lastKnownFileType = folder.assetcatalog; path = "Preview Assets.xcassets"; sourceTree = "<group>"; };
		400FF70027FCD5E80094F64A /* Constants.swift */ = {isa = PBXFileReference; lastKnownFileType = sourcecode.swift; path = Constants.swift; sourceTree = "<group>"; };
		400FF70327FCD66B0094F64A /* MCUCharacter.swift */ = {isa = PBXFileReference; lastKnownFileType = sourcecode.swift; path = MCUCharacter.swift; sourceTree = "<group>"; };
		400FF70627FCD7310094F64A /* WebService.swift */ = {isa = PBXFileReference; lastKnownFileType = sourcecode.swift; path = WebService.swift; sourceTree = "<group>"; };
		400FF70927FCD8510094F64A /* CharacterListViewModel.swift */ = {isa = PBXFileReference; lastKnownFileType = sourcecode.swift; path = CharacterListViewModel.swift; sourceTree = "<group>"; };
		400FF70C27FF6FE90094F64A /* CharacterCell.swift */ = {isa = PBXFileReference; lastKnownFileType = sourcecode.swift; path = CharacterCell.swift; sourceTree = "<group>"; };
		400FF70E27FF73470094F64A /* CharacterDetailView.swift */ = {isa = PBXFileReference; lastKnownFileType = sourcecode.swift; path = CharacterDetailView.swift; sourceTree = "<group>"; };
/* End PBXFileReference section */

/* Begin PBXFrameworksBuildPhase section */
		400FF6EB27FCD5A80094F64A /* Frameworks */ = {
			isa = PBXFrameworksBuildPhase;
			buildActionMask = 2147483647;
			files = (
			);
			runOnlyForDeploymentPostprocessing = 0;
		};
/* End PBXFrameworksBuildPhase section */

/* Begin PBXGroup section */
		400FF6E527FCD5A70094F64A = {
			isa = PBXGroup;
			children = (
				400FF6F027FCD5A80094F64A /* MCU */,
				400FF6EF27FCD5A80094F64A /* Products */,
			);
			sourceTree = "<group>";
		};
		400FF6EF27FCD5A80094F64A /* Products */ = {
			isa = PBXGroup;
			children = (
				400FF6EE27FCD5A80094F64A /* MCU.app */,
			);
			name = Products;
			sourceTree = "<group>";
		};
		400FF6F027FCD5A80094F64A /* MCU */ = {
			isa = PBXGroup;
			children = (
				400FF70B27FF6FD60094F64A /* Views */,
				400FF70827FCD83F0094F64A /* View Models */,
				400FF70527FCD71F0094F64A /* Services */,
				400FF70227FCD6580094F64A /* Model */,
				400FF6FF27FCD5B70094F64A /* Utility */,
				400FF6F127FCD5A80094F64A /* MCUApp.swift */,
				400FF6F327FCD5A80094F64A /* ContentView.swift */,
				400FF6F527FCD5AA0094F64A /* Assets.xcassets */,
				400FF6F727FCD5AA0094F64A /* Preview Content */,
			);
			path = MCU;
			sourceTree = "<group>";
		};
		400FF6F727FCD5AA0094F64A /* Preview Content */ = {
			isa = PBXGroup;
			children = (
				400FF6F827FCD5AA0094F64A /* Preview Assets.xcassets */,
			);
			path = "Preview Content";
			sourceTree = "<group>";
		};
		400FF6FF27FCD5B70094F64A /* Utility */ = {
			isa = PBXGroup;
			children = (
				400FF70027FCD5E80094F64A /* Constants.swift */,
			);
			path = Utility;
			sourceTree = "<group>";
		};
		400FF70227FCD6580094F64A /* Model */ = {
			isa = PBXGroup;
			children = (
				400FF70327FCD66B0094F64A /* MCUCharacter.swift */,
			);
			path = Model;
			sourceTree = "<group>";
		};
		400FF70527FCD71F0094F64A /* Services */ = {
			isa = PBXGroup;
			children = (
				400FF70627FCD7310094F64A /* WebService.swift */,
			);
			path = Services;
			sourceTree = "<group>";
		};
		400FF70827FCD83F0094F64A /* View Models */ = {
			isa = PBXGroup;
			children = (
				400FF70927FCD8510094F64A /* CharacterListViewModel.swift */,
			);
			path = "View Models";
			sourceTree = "<group>";
		};
		400FF70B27FF6FD60094F64A /* Views */ = {
			isa = PBXGroup;
			children = (
				400FF70C27FF6FE90094F64A /* CharacterCell.swift */,
				400FF70E27FF73470094F64A /* CharacterDetailView.swift */,
			);
			path = Views;
			sourceTree = "<group>";
		};
/* End PBXGroup section */

/* Begin PBXNativeTarget section */
		400FF6ED27FCD5A80094F64A /* MCU */ = {
			isa = PBXNativeTarget;
			buildConfigurationList = 400FF6FC27FCD5AA0094F64A /* Build configuration list for PBXNativeTarget "MCU" */;
			buildPhases = (
				400FF6EA27FCD5A80094F64A /* Sources */,
				400FF6EB27FCD5A80094F64A /* Frameworks */,
				400FF6EC27FCD5A80094F64A /* Resources */,
			);
			buildRules = (
			);
			dependencies = (
			);
			name = MCU;
			productName = MCU;
			productReference = 400FF6EE27FCD5A80094F64A /* MCU.app */;
			productType = "com.apple.product-type.application";
		};
/* End PBXNativeTarget section */

/* Begin PBXProject section */
		400FF6E627FCD5A80094F64A /* Project object */ = {
			isa = PBXProject;
			attributes = {
				BuildIndependentTargetsInParallel = 1;
				LastSwiftUpdateCheck = 1320;
				LastUpgradeCheck = 1320;
				TargetAttributes = {
					400FF6ED27FCD5A80094F64A = {
						CreatedOnToolsVersion = 13.2.1;
					};
				};
			};
			buildConfigurationList = 400FF6E927FCD5A80094F64A /* Build configuration list for PBXProject "MCU" */;
			compatibilityVersion = "Xcode 13.0";
			developmentRegion = en;
			hasScannedForEncodings = 0;
			knownRegions = (
				en,
				Base,
			);
			mainGroup = 400FF6E527FCD5A70094F64A;
			productRefGroup = 400FF6EF27FCD5A80094F64A /* Products */;
			projectDirPath = "";
			projectRoot = "";
			targets = (
				400FF6ED27FCD5A80094F64A /* MCU */,
			);
		};
/* End PBXProject section */

/* Begin PBXResourcesBuildPhase section */
		400FF6EC27FCD5A80094F64A /* Resources */ = {
			isa = PBXResourcesBuildPhase;
			buildActionMask = 2147483647;
			files = (
				400FF6F927FCD5AA0094F64A /* Preview Assets.xcassets in Resources */,
				400FF6F627FCD5AA0094F64A /* Assets.xcassets in Resources */,
			);
			runOnlyForDeploymentPostprocessing = 0;
		};
/* End PBXResourcesBuildPhase section */

/* Begin PBXSourcesBuildPhase section */
		400FF6EA27FCD5A80094F64A /* Sources */ = {
			isa = PBXSourcesBuildPhase;
			buildActionMask = 2147483647;
			files = (
				400FF6F427FCD5A80094F64A /* ContentView.swift in Sources */,
				400FF6F227FCD5A80094F64A /* MCUApp.swift in Sources */,
				400FF70127FCD5E80094F64A /* Constants.swift in Sources */,
				400FF70D27FF6FE90094F64A /* CharacterCell.swift in Sources */,
				400FF70727FCD7310094F64A /* WebService.swift in Sources */,
				400FF70A27FCD8510094F64A /* CharacterListViewModel.swift in Sources */,
				400FF70427FCD66B0094F64A /* MCUCharacter.swift in Sources */,
				400FF70F27FF73470094F64A /* CharacterDetailView.swift in Sources */,
			);
			runOnlyForDeploymentPostprocessing = 0;
		};
/* End PBXSourcesBuildPhase section */

/* Begin XCBuildConfiguration section */
		400FF6FA27FCD5AA0094F64A /* Debug */ = {
			isa = XCBuildConfiguration;
			buildSettings = {
				ALWAYS_SEARCH_USER_PATHS = NO;
				CLANG_ANALYZER_NONNULL = YES;
				CLANG_ANALYZER_NUMBER_OBJECT_CONVERSION = YES_AGGRESSIVE;
				CLANG_CXX_LANGUAGE_STANDARD = "gnu++17";
				CLANG_CXX_LIBRARY = "libc++";
				CLANG_ENABLE_MODULES = YES;
				CLANG_ENABLE_OBJC_ARC = YES;
				CLANG_ENABLE_OBJC_WEAK = YES;
				CLANG_WARN_BLOCK_CAPTURE_AUTORELEASING = YES;
				CLANG_WARN_BOOL_CONVERSION = YES;
				CLANG_WARN_COMMA = YES;
				CLANG_WARN_CONSTANT_CONVERSION = YES;
				CLANG_WARN_DEPRECATED_OBJC_IMPLEMENTATIONS = YES;
				CLANG_WARN_DIRECT_OBJC_ISA_USAGE = YES_ERROR;
				CLANG_WARN_DOCUMENTATION_COMMENTS = YES;
				CLANG_WARN_EMPTY_BODY = YES;
				CLANG_WARN_ENUM_CONVERSION = YES;
				CLANG_WARN_INFINITE_RECURSION = YES;
				CLANG_WARN_INT_CONVERSION = YES;
				CLANG_WARN_NON_LITERAL_NULL_CONVERSION = YES;
				CLANG_WARN_OBJC_IMPLICIT_RETAIN_SELF = YES;
				CLANG_WARN_OBJC_LITERAL_CONVERSION = YES;
				CLANG_WARN_OBJC_ROOT_CLASS = YES_ERROR;
				CLANG_WARN_QUOTED_INCLUDE_IN_FRAMEWORK_HEADER = YES;
				CLANG_WARN_RANGE_LOOP_ANALYSIS = YES;
				CLANG_WARN_STRICT_PROTOTYPES = YES;
				CLANG_WARN_SUSPICIOUS_MOVE = YES;
				CLANG_WARN_UNGUARDED_AVAILABILITY = YES_AGGRESSIVE;
				CLANG_WARN_UNREACHABLE_CODE = YES;
				CLANG_WARN__DUPLICATE_METHOD_MATCH = YES;
				COPY_PHASE_STRIP = NO;
				DEBUG_INFORMATION_FORMAT = dwarf;
				ENABLE_STRICT_OBJC_MSGSEND = YES;
				ENABLE_TESTABILITY = YES;
				GCC_C_LANGUAGE_STANDARD = gnu11;
				GCC_DYNAMIC_NO_PIC = NO;
				GCC_NO_COMMON_BLOCKS = YES;
				GCC_OPTIMIZATION_LEVEL = 0;
				GCC_PREPROCESSOR_DEFINITIONS = (
					"DEBUG=1",
					"$(inherited)",
				);
				GCC_WARN_64_TO_32_BIT_CONVERSION = YES;
				GCC_WARN_ABOUT_RETURN_TYPE = YES_ERROR;
				GCC_WARN_UNDECLARED_SELECTOR = YES;
				GCC_WARN_UNINITIALIZED_AUTOS = YES_AGGRESSIVE;
				GCC_WARN_UNUSED_FUNCTION = YES;
				GCC_WARN_UNUSED_VARIABLE = YES;
				IPHONEOS_DEPLOYMENT_TARGET = 15.2;
				MTL_ENABLE_DEBUG_INFO = INCLUDE_SOURCE;
				MTL_FAST_MATH = YES;
				ONLY_ACTIVE_ARCH = YES;
				SDKROOT = iphoneos;
				SWIFT_ACTIVE_COMPILATION_CONDITIONS = DEBUG;
				SWIFT_OPTIMIZATION_LEVEL = "-Onone";
			};
			name = Debug;
		};
		400FF6FB27FCD5AA0094F64A /* Release */ = {
			isa = XCBuildConfiguration;
			buildSettings = {
				ALWAYS_SEARCH_USER_PATHS = NO;
				CLANG_ANALYZER_NONNULL = YES;
				CLANG_ANALYZER_NUMBER_OBJECT_CONVERSION = YES_AGGRESSIVE;
				CLANG_CXX_LANGUAGE_STANDARD = "gnu++17";
				CLANG_CXX_LIBRARY = "libc++";
				CLANG_ENABLE_MODULES = YES;
				CLANG_ENABLE_OBJC_ARC = YES;
				CLANG_ENABLE_OBJC_WEAK = YES;
				CLANG_WARN_BLOCK_CAPTURE_AUTORELEASING = YES;
				CLANG_WARN_BOOL_CONVERSION = YES;
				CLANG_WARN_COMMA = YES;
				CLANG_WARN_CONSTANT_CONVERSION = YES;
				CLANG_WARN_DEPRECATED_OBJC_IMPLEMENTATIONS = YES;
				CLANG_WARN_DIRECT_OBJC_ISA_USAGE = YES_ERROR;
				CLANG_WARN_DOCUMENTATION_COMMENTS = YES;
				CLANG_WARN_EMPTY_BODY = YES;
				CLANG_WARN_ENUM_CONVERSION = YES;
				CLANG_WARN_INFINITE_RECURSION = YES;
				CLANG_WARN_INT_CONVERSION = YES;
				CLANG_WARN_NON_LITERAL_NULL_CONVERSION = YES;
				CLANG_WARN_OBJC_IMPLICIT_RETAIN_SELF = YES;
				CLANG_WARN_OBJC_LITERAL_CONVERSION = YES;
				CLANG_WARN_OBJC_ROOT_CLASS = YES_ERROR;
				CLANG_WARN_QUOTED_INCLUDE_IN_FRAMEWORK_HEADER = YES;
				CLANG_WARN_RANGE_LOOP_ANALYSIS = YES;
				CLANG_WARN_STRICT_PROTOTYPES = YES;
				CLANG_WARN_SUSPICIOUS_MOVE = YES;
				CLANG_WARN_UNGUARDED_AVAILABILITY = YES_AGGRESSIVE;
				CLANG_WARN_UNREACHABLE_CODE = YES;
				CLANG_WARN__DUPLICATE_METHOD_MATCH = YES;
				COPY_PHASE_STRIP = NO;
				DEBUG_INFORMATION_FORMAT = "dwarf-with-dsym";
				ENABLE_NS_ASSERTIONS = NO;
				ENABLE_STRICT_OBJC_MSGSEND = YES;
				GCC_C_LANGUAGE_STANDARD = gnu11;
				GCC_NO_COMMON_BLOCKS = YES;
				GCC_WARN_64_TO_32_BIT_CONVERSION = YES;
				GCC_WARN_ABOUT_RETURN_TYPE = YES_ERROR;
				GCC_WARN_UNDECLARED_SELECTOR = YES;
				GCC_WARN_UNINITIALIZED_AUTOS = YES_AGGRESSIVE;
				GCC_WARN_UNUSED_FUNCTION = YES;
				GCC_WARN_UNUSED_VARIABLE = YES;
				IPHONEOS_DEPLOYMENT_TARGET = 15.2;
				MTL_ENABLE_DEBUG_INFO = NO;
				MTL_FAST_MATH = YES;
				SDKROOT = iphoneos;
				SWIFT_COMPILATION_MODE = wholemodule;
				SWIFT_OPTIMIZATION_LEVEL = "-O";
				VALIDATE_PRODUCT = YES;
			};
			name = Release;
		};
		400FF6FD27FCD5AA0094F64A /* Debug */ = {
			isa = XCBuildConfiguration;
			buildSettings = {
				ASSETCATALOG_COMPILER_APPICON_NAME = AppIcon;
				ASSETCATALOG_COMPILER_GLOBAL_ACCENT_COLOR_NAME = AccentColor;
				CODE_SIGN_STYLE = Automatic;
				CURRENT_PROJECT_VERSION = 1;
				DEVELOPMENT_ASSET_PATHS = "\"MCU/Preview Content\"";
				ENABLE_PREVIEWS = YES;
				GENERATE_INFOPLIST_FILE = YES;
				INFOPLIST_KEY_UIApplicationSceneManifest_Generation = YES;
				INFOPLIST_KEY_UIApplicationSupportsIndirectInputEvents = YES;
				INFOPLIST_KEY_UILaunchScreen_Generation = YES;
				INFOPLIST_KEY_UISupportedInterfaceOrientations_iPad = "UIInterfaceOrientationPortrait UIInterfaceOrientationPortraitUpsideDown UIInterfaceOrientationLandscapeLeft UIInterfaceOrientationLandscapeRight";
				INFOPLIST_KEY_UISupportedInterfaceOrientations_iPhone = "UIInterfaceOrientationPortrait UIInterfaceOrientationLandscapeLeft UIInterfaceOrientationLandscapeRight";
				LD_RUNPATH_SEARCH_PATHS = (
					"$(inherited)",
					"@executable_path/Frameworks",
				);
				MARKETING_VERSION = 1.0;
				PRODUCT_BUNDLE_IDENTIFIER = Reinaldo.MCU;
				PRODUCT_NAME = "$(TARGET_NAME)";
				SWIFT_EMIT_LOC_STRINGS = YES;
				SWIFT_VERSION = 5.0;
				TARGETED_DEVICE_FAMILY = "1,2";
			};
			name = Debug;
		};
		400FF6FE27FCD5AA0094F64A /* Release */ = {
			isa = XCBuildConfiguration;
			buildSettings = {
				ASSETCATALOG_COMPILER_APPICON_NAME = AppIcon;
				ASSETCATALOG_COMPILER_GLOBAL_ACCENT_COLOR_NAME = AccentColor;
				CODE_SIGN_STYLE = Automatic;
				CURRENT_PROJECT_VERSION = 1;
				DEVELOPMENT_ASSET_PATHS = "\"MCU/Preview Content\"";
				ENABLE_PREVIEWS = YES;
				GENERATE_INFOPLIST_FILE = YES;
				INFOPLIST_KEY_UIApplicationSceneManifest_Generation = YES;
				INFOPLIST_KEY_UIApplicationSupportsIndirectInputEvents = YES;
				INFOPLIST_KEY_UILaunchScreen_Generation = YES;
				INFOPLIST_KEY_UISupportedInterfaceOrientations_iPad = "UIInterfaceOrientationPortrait UIInterfaceOrientationPortraitUpsideDown UIInterfaceOrientationLandscapeLeft UIInterfaceOrientationLandscapeRight";
				INFOPLIST_KEY_UISupportedInterfaceOrientations_iPhone = "UIInterfaceOrientationPortrait UIInterfaceOrientationLandscapeLeft UIInterfaceOrientationLandscapeRight";
				LD_RUNPATH_SEARCH_PATHS = (
					"$(inherited)",
					"@executable_path/Frameworks",
				);
				MARKETING_VERSION = 1.0;
				PRODUCT_BUNDLE_IDENTIFIER = Reinaldo.MCU;
				PRODUCT_NAME = "$(TARGET_NAME)";
				SWIFT_EMIT_LOC_STRINGS = YES;
				SWIFT_VERSION = 5.0;
				TARGETED_DEVICE_FAMILY = "1,2";
			};
			name = Release;
		};
/* End XCBuildConfiguration section */

/* Begin XCConfigurationList section */
		400FF6E927FCD5A80094F64A /* Build configuration list for PBXProject "MCU" */ = {
			isa = XCConfigurationList;
			buildConfigurations = (
				400FF6FA27FCD5AA0094F64A /* Debug */,
				400FF6FB27FCD5AA0094F64A /* Release */,
			);
			defaultConfigurationIsVisible = 0;
			defaultConfigurationName = Release;
		};
		400FF6FC27FCD5AA0094F64A /* Build configuration list for PBXNativeTarget "MCU" */ = {
			isa = XCConfigurationList;
			buildConfigurations = (
				400FF6FD27FCD5AA0094F64A /* Debug */,
				400FF6FE27FCD5AA0094F64A /* Release */,
			);
			defaultConfigurationIsVisible = 0;
			defaultConfigurationName = Release;
		};
/* End XCConfigurationList section */
	};
	rootObject = 400FF6E627FCD5A80094F64A /* Project object */;
}
